{
  "version": 4,
  "terraform_version": "1.1.9",
  "serial": 6,
  "lineage": "6e75499c-f57f-e9f3-4eda-67955c71c2cd",
  "outputs": {
    "external_ip_address_vm_1": {
      "value": "51.250.6.51",
      "type": "string"
    },
    "internal_ip_address_vm_1": {
      "value": "192.168.10.23",
      "type": "string"
    },
    "zone_id": {
      "value": "ru-central1-a",
      "type": "string"
    }
  },
  "resources": [
    {
      "mode": "managed",
      "type": "yandex_compute_instance",
      "name": "vm-1",
      "provider": "provider[\"registry.terraform.io/yandex-cloud/yandex\"]",
      "instances": [
        {
          "schema_version": 1,
          "attributes": {
            "allow_recreate": null,
            "allow_stopping_for_update": null,
            "boot_disk": [
              {
                "auto_delete": true,
                "device_name": "fhmb9e35a83u5paddl16",
                "disk_id": "fhmb9e35a83u5paddl16",
                "initialize_params": [
                  {
                    "block_size": 4096,
                    "description": "",
                    "image_id": "fd8fte6bebi857ortlja",
                    "name": "",
                    "size": 3,
                    "snapshot_id": "",
                    "type": "network-hdd"
                  }
                ],
                "mode": "READ_WRITE"
              }
            ],
            "created_at": "2022-06-29T13:38:13Z",
            "description": "",
            "folder_id": "b1gump4iofj1llimbreg",
            "fqdn": "fhm93tokje0ro6s7c8a8.auto.internal",
            "hostname": "fhm93tokje0ro6s7c8a8",
            "id": "fhm93tokje0ro6s7c8a8",
            "labels": null,
            "metadata": {
              "ssh-keys": "ubuntu:-----BEGIN OPENSSH PRIVATE KEY-----\nb3BlbnNzaC1rZXktdjEAAAAABG5vbmUAAAAEbm9uZQAAAAAAAAABAAABFwAAAAdzc2gtcn\nNhAAAAAwEAAQAAAQEAqrCIvugwK7wqW6l5dC9OEKyHzyupxp+iS/uXhbKCTolCREVCDKg9\nve/8j2hk9yoHUeME+98Hhwhibs7A6ZSMmmJ/X3rKTSNECNncJwBOME9e+WG3grmoeoa5JY\noVxcoQY66ZDi+Z/jx9WTiGRlVD1NmbkBZlCqbzuPY0h4bfhX4rMwvD9jTv5PKUTTj5XYwl\nBRH1bzf3XNK/asgjkzealTd+UljBFGiPxjwcomHrMbUadozokbnBif4Cj2D9XOR8WfjOjN\nk/00Nqj451fgH0IVxvJYJKR6SiwQ36KXSvhHPW1PpI0C35XOkVHDCZtuCsO4uWPkObDn8V\nb0oVddfWSQAAA9jXiOPk14jj5AAAAAdzc2gtcnNhAAABAQCqsIi+6DArvCpbqXl0L04QrI\nfPK6nGn6JL+5eFsoJOiUJERUIMqD297/yPaGT3KgdR4wT73weHCGJuzsDplIyaYn9fespN\nI0QI2dwnAE4wT175YbeCuah6hrklihXFyhBjrpkOL5n+PH1ZOIZGVUPU2ZuQFmUKpvO49j\nSHht+FfiszC8P2NO/k8pRNOPldjCUFEfVvN/dc0r9qyCOTN5qVN35SWMEUaI/GPByiYesx\ntRp2jOiRucGJ/gKPYP1c5HxZ+M6M2T/TQ2qPjnV+AfQhXG8lgkpHpKLBDfopdK+Ec9bU+k\njQLflc6RUcMJm24Kw7i5Y+Q5sOfxVvShV119ZJAAAAAwEAAQAAAQAko8h20nikqruc+YAs\nxIrJYX+1pPXIwTOhg9w+wtbd7PDgns1S0jqOrxlT32Ds/YScu1KyjmmbPt2CU7dtbInSCh\nq1cDJE5LESBVIQvSwLir4kYil2UkwsIQdVW5LY5ksmWrBYLzerL2jo4g1Qw7TP1/Zgs630\n32mp5o/YF8eba+QzBtUVwFJsiFdTQr1k6LD2cMbeS0h6/1y4bjKZLEB2f0owxj7VRZfXK6\nSzxhhK51wYqUNh4ixeGDUnlGWXGBgyIt6vYPqTGnFtQRISDIWnox0NfQSXLfhhiGiAK2bq\nmlWwuMx8DReggxdFk4ppr4azMGfXAXeHETMrR0pz46MRAAAAgQCKB5zSqdLbhiSMxu08h6\nWI6rA3GPFlSJ431Q20xhuw8ManrjzoMYrtfIAdExgiM8Ord6TbN1nTYS4t9KVL5YvFLxnW\nUk1VrBxHAU8hw77hsKHE6nTRGPguZN3h9DJXiUVKSFBWQlzHJQTZLejrzXP/Ms0/uEaenG\nPXtIojHCltowAAAIEA0ndyZZ+VLQinj7sZXHci5AMNSzUYnRUr5aCOlnwVpQm6u0YJkYHR\nMR0W6MaCw5Bwl3mHxK7g9YL1VbDw+J+S8YLT/PiHl8WsQiHsuiMoEGPvSPFtEF6JReE8cV\n98011y/7lxw9toBarwIK2eP2Yf4JLzdQaHKNo134VN0VVFwacAAACBAM+eEHMlP0/pIF2s\nElpzJdElgfv8gOmiIblnCFz88w2WjkqnRRNEMH+MLz/z11150ngR0CYV2AczR4GQKSxYns\njjm5iLXzuF0eOl2jqIqUWQ3YX7tNC59zHKxJ0WLi1r6Xg1HB03RiPHnT6E8IrX9doYH65d\n7T3b6BGn/lhzS0aPAAAAG3NlcmdleUBzZXJnZXktVGhpbmtQYWQtWDIwMQECAwQFBgc=\n-----END OPENSSH PRIVATE KEY-----\n"
            },
            "name": "terraform1",
            "network_acceleration_type": "standard",
            "network_interface": [
              {
                "dns_record": [],
                "index": 0,
                "ip_address": "192.168.10.23",
                "ipv4": true,
                "ipv6": false,
                "ipv6_address": "",
                "ipv6_dns_record": [],
                "mac_address": "d0:0d:91:f7:14:9b",
                "nat": true,
                "nat_dns_record": [],
                "nat_ip_address": "51.250.6.51",
                "nat_ip_version": "IPV4",
                "security_group_ids": [],
                "subnet_id": "e9baat02nhvm26jm3nck"
              }
            ],
            "placement_policy": [
              {
                "host_affinity_rules": [],
                "placement_group_id": ""
              }
            ],
            "platform_id": "standard-v1",
            "resources": [
              {
                "core_fraction": 100,
                "cores": 2,
                "gpus": 0,
                "memory": 2
              }
            ],
            "scheduling_policy": [
              {
                "preemptible": false
              }
            ],
            "secondary_disk": [],
            "service_account_id": "",
            "status": "running",
            "timeouts": null,
            "zone": "ru-central1-a"
          },
          "sensitive_attributes": [],
          "private": "eyJlMmJmYjczMC1lY2FhLTExZTYtOGY4OC0zNDM2M2JjN2M0YzAiOnsiY3JlYXRlIjozMDAwMDAwMDAwMDAsImRlbGV0ZSI6MzAwMDAwMDAwMDAwLCJ1cGRhdGUiOjMwMDAwMDAwMDAwMH0sInNjaGVtYV92ZXJzaW9uIjoiMSJ9",
          "dependencies": [
            "yandex_vpc_subnet.subnet-1"
          ]
        }
      ]
    },
    {
      "mode": "managed",
      "type": "yandex_vpc_network",
      "name": "network-1",
      "provider": "provider[\"registry.terraform.io/yandex-cloud/yandex\"]",
      "instances": [
        {
          "schema_version": 0,
          "attributes": {
            "created_at": "2022-06-29T13:37:19Z",
            "default_security_group_id": "",
            "description": "",
            "folder_id": "b1gump4iofj1llimbreg",
            "id": "enp1kdtekp45nsuhgvip",
            "labels": {},
            "name": "network1",
            "subnet_ids": [
              "e9baat02nhvm26jm3nck"
            ],
            "timeouts": null
          },
          "sensitive_attributes": [],
          "private": "eyJlMmJmYjczMC1lY2FhLTExZTYtOGY4OC0zNDM2M2JjN2M0YzAiOnsiY3JlYXRlIjo2MDAwMDAwMDAwMCwiZGVsZXRlIjo2MDAwMDAwMDAwMCwidXBkYXRlIjo2MDAwMDAwMDAwMH19"
        }
      ]
    },
    {
      "mode": "managed",
      "type": "yandex_vpc_subnet",
      "name": "subnet-1",
      "provider": "provider[\"registry.terraform.io/yandex-cloud/yandex\"]",
      "instances": [
        {
          "schema_version": 0,
          "attributes": {
            "created_at": "2022-06-29T13:37:20Z",
            "description": "",
            "dhcp_options": [],
            "folder_id": "b1gump4iofj1llimbreg",
            "id": "e9baat02nhvm26jm3nck",
            "labels": {},
            "name": "subnet1",
            "network_id": "enp1kdtekp45nsuhgvip",
            "route_table_id": "",
            "timeouts": null,
            "v4_cidr_blocks": [
              "192.168.10.0/24"
            ],
            "v6_cidr_blocks": [],
            "zone": "ru-central1-a"
          },
          "sensitive_attributes": [],
          "private": "eyJlMmJmYjczMC1lY2FhLTExZTYtOGY4OC0zNDM2M2JjN2M0YzAiOnsiY3JlYXRlIjoxODAwMDAwMDAwMDAsImRlbGV0ZSI6MTgwMDAwMDAwMDAwLCJ1cGRhdGUiOjE4MDAwMDAwMDAwMH19",
          "dependencies": [
            "yandex_vpc_network.network-1"
          ]
        }
      ]
    }
  ]
}
